
Microsoft Visual Studio Solution File, Format Version 12.00
# Visual Studio Version 17
VisualStudioVersion = 17.5.002.0
MinimumVisualStudioVersion = 10.0.40219.1
Project("{2150E333-8FDC-42A3-9474-1A3956D46DE8}") = "csharp-prep", "csharp-prep", "{662707ED-3D2B-4522-862F-D114DCA98951}"
EndProject
Project("{9A19103F-16F7-4668-BE54-9A1E7A4F7556}") = "Prep1", "csharp-prep\Prep1\Prep1.csproj", "{6DAC82C2-79A3-4F14-AE3D-EE8886362BF1}"
EndProject
Project("{9A19103F-16F7-4668-BE54-9A1E7A4F7556}") = "Prep2", "csharp-prep\Prep2\Prep2.csproj", "{9A9C84DF-B557-4D76-BF52-7A1DF89D9708}"
EndProject
Project("{9A19103F-16F7-4668-BE54-9A1E7A4F7556}") = "Prep3", "csharp-prep\Prep3\Prep3.csproj", "{690F4A70-2CDE-4E47-808F-4C4664F6D2F0}"
EndProject
Project("{9A19103F-16F7-4668-BE54-9A1E7A4F7556}") = "Prep4", "csharp-prep\Prep4\Prep4.csproj", "{41A4E655-3278-4E35-9286-2CF6BEADED68}"
EndProject
Project("{9A19103F-16F7-4668-BE54-9A1E7A4F7556}") = "Prep5", "csharp-prep\Prep5\Prep5.csproj", "{D47913F6-C8DD-4E20-8428-E6B95D01B344}"
EndProject
Project("{2150E333-8FDC-42A3-9474-1A3956D46DE8}") = "final", "final", "{745CF3AB-30AD-40F8-A93B-8E346FC1BA62}"
EndProject
Project("{9A19103F-16F7-4668-BE54-9A1E7A4F7556}") = "FinalProject", "final\FinalProject\FinalProject.csproj", "{A4DBC45E-144B-4F06-89D1-4BBE1641CBFC}"
EndProject
Project("{9A19103F-16F7-4668-BE54-9A1E7A4F7556}") = "Foundation1", "final\Foundation1\Foundation1.csproj", "{1168CBFA-2D35-4713-AE41-703CA31DD7BB}"
EndProject
Project("{9A19103F-16F7-4668-BE54-9A1E7A4F7556}") = "Foundation2", "final\Foundation2\Foundation2.csproj", "{D3A6FE12-86F9-4C5F-A06A-9C80C492CE8E}"
EndProject
Project("{9A19103F-16F7-4668-BE54-9A1E7A4F7556}") = "Foundation3", "final\Foundation3\Foundation3.csproj", "{FE7DCD3A-5B44-41E1-AED3-BDB1C076573B}"
EndProject
Project("{9A19103F-16F7-4668-BE54-9A1E7A4F7556}") = "Foundation4", "final\Foundation4\Foundation4.csproj", "{A8EED03B-54A9-49A2-A3C1-3F0972199BC2}"
EndProject
Project("{2150E333-8FDC-42A3-9474-1A3956D46DE8}") = "prepare", "prepare", "{3F340DB2-3844-4B50-89A7-EACFBF795F34}"
EndProject
Project("{9A19103F-16F7-4668-BE54-9A1E7A4F7556}") = "Learning02", "prepare\Learning02\Learning02.csproj", "{9426F708-0B76-402C-A08C-70CF8C41DA62}"
EndProject
Project("{9A19103F-16F7-4668-BE54-9A1E7A4F7556}") = "Learning03", "prepare\Learning03\Learning03.csproj", "{012E5A8A-BC7F-41E7-A2B1-770BAD302E0B}"
EndProject
Project("{9A19103F-16F7-4668-BE54-9A1E7A4F7556}") = "Learning04", "prepare\Learning04\Learning04.csproj", "{ED30E9B5-E908-4122-A9FC-9B451146EB76}"
EndProject
Project("{9A19103F-16F7-4668-BE54-9A1E7A4F7556}") = "Learning05", "prepare\Learning05\Learning05.csproj", "{320C1710-24F8-49C2-A4C5-852B46ECB212}"
EndProject
Project("{2150E333-8FDC-42A3-9474-1A3956D46DE8}") = "prove", "prove", "{5351D44A-0E42-4255-A1BF-26D7907ADDC3}"
EndProject
Project("{9A19103F-16F7-4668-BE54-9A1E7A4F7556}") = "Develop02", "prove\Develop02\Develop02.csproj", "{E1D211B6-A150-4547-8775-B7287D50C4D4}"
EndProject
Project("{9A19103F-16F7-4668-BE54-9A1E7A4F7556}") = "Develop03", "prove\Develop03\Develop03.csproj", "{8E2C7338-0F42-4353-ABBB-09462677FB0E}"
EndProject
Project("{9A19103F-16F7-4668-BE54-9A1E7A4F7556}") = "Develop04", "prove\Develop04\Develop04.csproj", "{CEE57701-EEFD-40AD-9347-83E794D1D3DD}"
EndProject
Project("{9A19103F-16F7-4668-BE54-9A1E7A4F7556}") = "Develop05", "prove\Develop05\Develop05.csproj", "{DCFC5522-8E12-4774-A391-EC1181C97F86}"
EndProject
Project("{2150E333-8FDC-42A3-9474-1A3956D46DE8}") = "sandbox", "sandbox", "{57B9AE74-22A3-4CB8-B40E-624D2D0121F7}"
EndProject
Project("{9A19103F-16F7-4668-BE54-9A1E7A4F7556}") = "Sandbox", "sandbox\Sandbox\Sandbox.csproj", "{1F74FC32-F949-443F-8744-1145A181A7E8}"
EndProject
Global
	GlobalSection(SolutionConfigurationPlatforms) = preSolution
		Debug|Any CPU = Debug|Any CPU
		Release|Any CPU = Release|Any CPU
	EndGlobalSection
	GlobalSection(ProjectConfigurationPlatforms) = postSolution
		{6DAC82C2-79A3-4F14-AE3D-EE8886362BF1}.Debug|Any CPU.ActiveCfg = Debug|Any CPU
		{6DAC82C2-79A3-4F14-AE3D-EE8886362BF1}.Debug|Any CPU.Build.0 = Debug|Any CPU
		{6DAC82C2-79A3-4F14-AE3D-EE8886362BF1}.Release|Any CPU.ActiveCfg = Release|Any CPU
		{6DAC82C2-79A3-4F14-AE3D-EE8886362BF1}.Release|Any CPU.Build.0 = Release|Any CPU
		{9A9C84DF-B557-4D76-BF52-7A1DF89D9708}.Debug|Any CPU.ActiveCfg = Debug|Any CPU
		{9A9C84DF-B557-4D76-BF52-7A1DF89D9708}.Debug|Any CPU.Build.0 = Debug|Any CPU
		{9A9C84DF-B557-4D76-BF52-7A1DF89D9708}.Release|Any CPU.ActiveCfg = Release|Any CPU
		{9A9C84DF-B557-4D76-BF52-7A1DF89D9708}.Release|Any CPU.Build.0 = Release|Any CPU
		{690F4A70-2CDE-4E47-808F-4C4664F6D2F0}.Debug|Any CPU.ActiveCfg = Debug|Any CPU
		{690F4A70-2CDE-4E47-808F-4C4664F6D2F0}.Debug|Any CPU.Build.0 = Debug|Any CPU
		{690F4A70-2CDE-4E47-808F-4C4664F6D2F0}.Release|Any CPU.ActiveCfg = Release|Any CPU
		{690F4A70-2CDE-4E47-808F-4C4664F6D2F0}.Release|Any CPU.Build.0 = Release|Any CPU
		{41A4E655-3278-4E35-9286-2CF6BEADED68}.Debug|Any CPU.ActiveCfg = Debug|Any CPU
		{41A4E655-3278-4E35-9286-2CF6BEADED68}.Debug|Any CPU.Build.0 = Debug|Any CPU
		{41A4E655-3278-4E35-9286-2CF6BEADED68}.Release|Any CPU.ActiveCfg = Release|Any CPU
		{41A4E655-3278-4E35-9286-2CF6BEADED68}.Release|Any CPU.Build.0 = Release|Any CPU
		{D47913F6-C8DD-4E20-8428-E6B95D01B344}.Debug|Any CPU.ActiveCfg = Debug|Any CPU
		{D47913F6-C8DD-4E20-8428-E6B95D01B344}.Debug|Any CPU.Build.0 = Debug|Any CPU
		{D47913F6-C8DD-4E20-8428-E6B95D01B344}.Release|Any CPU.ActiveCfg = Release|Any CPU
		{D47913F6-C8DD-4E20-8428-E6B95D01B344}.Release|Any CPU.Build.0 = Release|Any CPU
		{A4DBC45E-144B-4F06-89D1-4BBE1641CBFC}.Debug|Any CPU.ActiveCfg = Debug|Any CPU
		{A4DBC45E-144B-4F06-89D1-4BBE1641CBFC}.Debug|Any CPU.Build.0 = Debug|Any CPU
		{A4DBC45E-144B-4F06-89D1-4BBE1641CBFC}.Release|Any CPU.ActiveCfg = Release|Any CPU
		{A4DBC45E-144B-4F06-89D1-4BBE1641CBFC}.Release|Any CPU.Build.0 = Release|Any CPU
		{1168CBFA-2D35-4713-AE41-703CA31DD7BB}.Debug|Any CPU.ActiveCfg = Debug|Any CPU
		{1168CBFA-2D35-4713-AE41-703CA31DD7BB}.Debug|Any CPU.Build.0 = Debug|Any CPU
		{1168CBFA-2D35-4713-AE41-703CA31DD7BB}.Release|Any CPU.ActiveCfg = Release|Any CPU
		{1168CBFA-2D35-4713-AE41-703CA31DD7BB}.Release|Any CPU.Build.0 = Release|Any CPU
		{D3A6FE12-86F9-4C5F-A06A-9C80C492CE8E}.Debug|Any CPU.ActiveCfg = Debug|Any CPU
		{D3A6FE12-86F9-4C5F-A06A-9C80C492CE8E}.Debug|Any CPU.Build.0 = Debug|Any CPU
		{D3A6FE12-86F9-4C5F-A06A-9C80C492CE8E}.Release|Any CPU.ActiveCfg = Release|Any CPU
		{D3A6FE12-86F9-4C5F-A06A-9C80C492CE8E}.Release|Any CPU.Build.0 = Release|Any CPU
		{FE7DCD3A-5B44-41E1-AED3-BDB1C076573B}.Debug|Any CPU.ActiveCfg = Debug|Any CPU
		{FE7DCD3A-5B44-41E1-AED3-BDB1C076573B}.Debug|Any CPU.Build.0 = Debug|Any CPU
		{FE7DCD3A-5B44-41E1-AED3-BDB1C076573B}.Release|Any CPU.ActiveCfg = Release|Any CPU
		{FE7DCD3A-5B44-41E1-AED3-BDB1C076573B}.Release|Any CPU.Build.0 = Release|Any CPU
		{A8EED03B-54A9-49A2-A3C1-3F0972199BC2}.Debug|Any CPU.ActiveCfg = Debug|Any CPU
		{A8EED03B-54A9-49A2-A3C1-3F0972199BC2}.Debug|Any CPU.Build.0 = Debug|Any CPU
		{A8EED03B-54A9-49A2-A3C1-3F0972199BC2}.Release|Any CPU.ActiveCfg = Release|Any CPU
		{A8EED03B-54A9-49A2-A3C1-3F0972199BC2}.Release|Any CPU.Build.0 = Release|Any CPU
		{9426F708-0B76-402C-A08C-70CF8C41DA62}.Debug|Any CPU.ActiveCfg = Debug|Any CPU
		{9426F708-0B76-402C-A08C-70CF8C41DA62}.Debug|Any CPU.Build.0 = Debug|Any CPU
		{9426F708-0B76-402C-A08C-70CF8C41DA62}.Release|Any CPU.ActiveCfg = Release|Any CPU
		{9426F708-0B76-402C-A08C-70CF8C41DA62}.Release|Any CPU.Build.0 = Release|Any CPU
		{012E5A8A-BC7F-41E7-A2B1-770BAD302E0B}.Debug|Any CPU.ActiveCfg = Debug|Any CPU
		{012E5A8A-BC7F-41E7-A2B1-770BAD302E0B}.Debug|Any CPU.Build.0 = Debug|Any CPU
		{012E5A8A-BC7F-41E7-A2B1-770BAD302E0B}.Release|Any CPU.ActiveCfg = Release|Any CPU
		{012E5A8A-BC7F-41E7-A2B1-770BAD302E0B}.Release|Any CPU.Build.0 = Release|Any CPU
		{ED30E9B5-E908-4122-A9FC-9B451146EB76}.Debug|Any CPU.ActiveCfg = Debug|Any CPU
		{ED30E9B5-E908-4122-A9FC-9B451146EB76}.Debug|Any CPU.Build.0 = Debug|Any CPU
		{ED30E9B5-E908-4122-A9FC-9B451146EB76}.Release|Any CPU.ActiveCfg = Release|Any CPU
		{ED30E9B5-E908-4122-A9FC-9B451146EB76}.Release|Any CPU.Build.0 = Release|Any CPU
		{320C1710-24F8-49C2-A4C5-852B46ECB212}.Debug|Any CPU.ActiveCfg = Debug|Any CPU
		{320C1710-24F8-49C2-A4C5-852B46ECB212}.Debug|Any CPU.Build.0 = Debug|Any CPU
		{320C1710-24F8-49C2-A4C5-852B46ECB212}.Release|Any CPU.ActiveCfg = Release|Any CPU
		{320C1710-24F8-49C2-A4C5-852B46ECB212}.Release|Any CPU.Build.0 = Release|Any CPU
		{E1D211B6-A150-4547-8775-B7287D50C4D4}.Debug|Any CPU.ActiveCfg = Debug|Any CPU
		{E1D211B6-A150-4547-8775-B7287D50C4D4}.Debug|Any CPU.Build.0 = Debug|Any CPU
		{E1D211B6-A150-4547-8775-B7287D50C4D4}.Release|Any CPU.ActiveCfg = Release|Any CPU
		{E1D211B6-A150-4547-8775-B7287D50C4D4}.Release|Any CPU.Build.0 = Release|Any CPU
		{8E2C7338-0F42-4353-ABBB-09462677FB0E}.Debug|Any CPU.ActiveCfg = Debug|Any CPU
		{8E2C7338-0F42-4353-ABBB-09462677FB0E}.Debug|Any CPU.Build.0 = Debug|Any CPU
		{8E2C7338-0F42-4353-ABBB-09462677FB0E}.Release|Any CPU.ActiveCfg = Release|Any CPU
		{8E2C7338-0F42-4353-ABBB-09462677FB0E}.Release|Any CPU.Build.0 = Release|Any CPU
		{CEE57701-EEFD-40AD-9347-83E794D1D3DD}.Debug|Any CPU.ActiveCfg = Debug|Any CPU
		{CEE57701-EEFD-40AD-9347-83E794D1D3DD}.Debug|Any CPU.Build.0 = Debug|Any CPU
		{CEE57701-EEFD-40AD-9347-83E794D1D3DD}.Release|Any CPU.ActiveCfg = Release|Any CPU
		{CEE57701-EEFD-40AD-9347-83E794D1D3DD}.Release|Any CPU.Build.0 = Release|Any CPU
		{DCFC5522-8E12-4774-A391-EC1181C97F86}.Debug|Any CPU.ActiveCfg = Debug|Any CPU
		{DCFC5522-8E12-4774-A391-EC1181C97F86}.Debug|Any CPU.Build.0 = Debug|Any CPU
		{DCFC5522-8E12-4774-A391-EC1181C97F86}.Release|Any CPU.ActiveCfg = Release|Any CPU
		{DCFC5522-8E12-4774-A391-EC1181C97F86}.Release|Any CPU.Build.0 = Release|Any CPU
		{1F74FC32-F949-443F-8744-1145A181A7E8}.Debug|Any CPU.ActiveCfg = Debug|Any CPU
		{1F74FC32-F949-443F-8744-1145A181A7E8}.Debug|Any CPU.Build.0 = Debug|Any CPU
		{1F74FC32-F949-443F-8744-1145A181A7E8}.Release|Any CPU.ActiveCfg = Release|Any CPU
		{1F74FC32-F949-443F-8744-1145A181A7E8}.Release|Any CPU.Build.0 = Release|Any CPU
	EndGlobalSection
	GlobalSection(SolutionProperties) = preSolution
		HideSolutionNode = FALSE
	EndGlobalSection
	GlobalSection(NestedProjects) = preSolution
		{6DAC82C2-79A3-4F14-AE3D-EE8886362BF1} = {662707ED-3D2B-4522-862F-D114DCA98951}
		{9A9C84DF-B557-4D76-BF52-7A1DF89D9708} = {662707ED-3D2B-4522-862F-D114DCA98951}
		{690F4A70-2CDE-4E47-808F-4C4664F6D2F0} = {662707ED-3D2B-4522-862F-D114DCA98951}
		{41A4E655-3278-4E35-9286-2CF6BEADED68} = {662707ED-3D2B-4522-862F-D114DCA98951}
		{D47913F6-C8DD-4E20-8428-E6B95D01B344} = {662707ED-3D2B-4522-862F-D114DCA98951}
		{A4DBC45E-144B-4F06-89D1-4BBE1641CBFC} = {745CF3AB-30AD-40F8-A93B-8E346FC1BA62}
		{1168CBFA-2D35-4713-AE41-703CA31DD7BB} = {745CF3AB-30AD-40F8-A93B-8E346FC1BA62}
		{D3A6FE12-86F9-4C5F-A06A-9C80C492CE8E} = {745CF3AB-30AD-40F8-A93B-8E346FC1BA62}
		{FE7DCD3A-5B44-41E1-AED3-BDB1C076573B} = {745CF3AB-30AD-40F8-A93B-8E346FC1BA62}
		{A8EED03B-54A9-49A2-A3C1-3F0972199BC2} = {745CF3AB-30AD-40F8-A93B-8E346FC1BA62}
		{9426F708-0B76-402C-A08C-70CF8C41DA62} = {3F340DB2-3844-4B50-89A7-EACFBF795F34}
		{012E5A8A-BC7F-41E7-A2B1-770BAD302E0B} = {3F340DB2-3844-4B50-89A7-EACFBF795F34}
		{ED30E9B5-E908-4122-A9FC-9B451146EB76} = {3F340DB2-3844-4B50-89A7-EACFBF795F34}
		{320C1710-24F8-49C2-A4C5-852B46ECB212} = {3F340DB2-3844-4B50-89A7-EACFBF795F34}
		{E1D211B6-A150-4547-8775-B7287D50C4D4} = {5351D44A-0E42-4255-A1BF-26D7907ADDC3}
		{8E2C7338-0F42-4353-ABBB-09462677FB0E} = {5351D44A-0E42-4255-A1BF-26D7907ADDC3}
		{CEE57701-EEFD-40AD-9347-83E794D1D3DD} = {5351D44A-0E42-4255-A1BF-26D7907ADDC3}
		{DCFC5522-8E12-4774-A391-EC1181C97F86} = {5351D44A-0E42-4255-A1BF-26D7907ADDC3}
		{1F74FC32-F949-443F-8744-1145A181A7E8} = {57B9AE74-22A3-4CB8-B40E-624D2D0121F7}
	EndGlobalSection
	GlobalSection(ExtensibilityGlobals) = postSolution
		SolutionGuid = {7DED74BD-A1B7-4094-86AE-5A6BCD461563}
	EndGlobalSection
EndGlobal
